
Microsoft Visual Studio Solution File, Format Version 12.00
# Visual Studio Version 17
VisualStudioVersion = 17.8.34511.84
MinimumVisualStudioVersion = 10.0.40219.1
Project("{FAE04EC0-301F-11D3-BF4B-00C04F79EFBC}") = "Palindrome Check (Word)", "Palindrome Check (Word)\Palindrome Check (Word).csproj", "{3E675FF9-EF5D-40AA-83E7-6AB7770CC599}"
EndProject
Global
	GlobalSection(SolutionConfigurationPlatforms) = preSolution
		Debug|Any CPU = Debug|Any CPU
		Release|Any CPU = Release|Any CPU
	EndGlobalSection
	GlobalSection(ProjectConfigurationPlatforms) = postSolution
		{3E675FF9-EF5D-40AA-83E7-6AB7770CC599}.Debug|Any CPU.ActiveCfg = Debug|Any CPU
		{3E675FF9-EF5D-40AA-83E7-6AB7770CC599}.Debug|Any CPU.Build.0 = Debug|Any CPU
		{3E675FF9-EF5D-40AA-83E7-6AB7770CC599}.Release|Any CPU.ActiveCfg = Release|Any CPU
		{3E675FF9-EF5D-40AA-83E7-6AB7770CC599}.Release|Any CPU.Build.0 = Release|Any CPU
	EndGlobalSection
	GlobalSection(SolutionProperties) = preSolution
		HideSolutionNode = FALSE
	EndGlobalSection
	GlobalSection(ExtensibilityGlobals) = postSolution
		SolutionGuid = {DDC0F9B9-B488-46F8-969D-D62A168DED93}
	EndGlobalSection
EndGlobal
